
Microsoft Visual Studio Solution File, Format Version 12.00
# Visual Studio Version 16
VisualStudioVersion = 16.0.30011.22
MinimumVisualStudioVersion = 10.0.40219.1
Project("{FAE04EC0-301F-11D3-BF4B-00C04F79EFBC}") = "DirectXCapture", "DirectXCapture\DirectXCapture.csproj", "{EB54BB0D-5288-43D7-AA0C-EF4B751C6DEA}"
EndProject
Global
	GlobalSection(SolutionConfigurationPlatforms) = preSolution
		Debug|Any CPU = Debug|Any CPU
		Release|Any CPU = Release|Any CPU
	EndGlobalSection
	GlobalSection(ProjectConfigurationPlatforms) = postSolution
		{EB54BB0D-5288-43D7-AA0C-EF4B751C6DEA}.Debug|Any CPU.ActiveCfg = Debug|Any CPU
		{EB54BB0D-5288-43D7-AA0C-EF4B751C6DEA}.Debug|Any CPU.Build.0 = Debug|Any CPU
		{EB54BB0D-5288-43D7-AA0C-EF4B751C6DEA}.Release|Any CPU.ActiveCfg = Release|Any CPU
		{EB54BB0D-5288-43D7-AA0C-EF4B751C6DEA}.Release|Any CPU.Build.0 = Release|Any CPU
	EndGlobalSection
	GlobalSection(SolutionProperties) = preSolution
		HideSolutionNode = FALSE
	EndGlobalSection
	GlobalSection(ExtensibilityGlobals) = postSolution
		SolutionGuid = {A76780DA-723D-40AE-9CDA-5A98D06698EC}
	EndGlobalSection
EndGlobal
